
Microsoft Visual Studio Solution File, Format Version 12.00
# Visual Studio 14
VisualStudioVersion = 14.0.25420.1
MinimumVisualStudioVersion = 10.0.40219.1
Project("{D954291E-2A0B-460D-934E-DC6B0785DB48}") = "SharedProject276", "SharedProject276\SharedProject276.shproj", "{C8A01CAB-5D27-40D8-839F-D9BBA309C5D7}"
EndProject
Global
	GlobalSection(SharedMSBuildProjectFiles) = preSolution
		SharedProject276\SharedProject276.projitems*{c8a01cab-5d27-40d8-839f-d9bba309c5d7}*SharedItemsImports = 13
	EndGlobalSection
	GlobalSection(SolutionProperties) = preSolution
		HideSolutionNode = FALSE
	EndGlobalSection
EndGlobal
